
Microsoft Visual Studio Solution File, Format Version 12.00
# Visual Studio 2013
VisualStudioVersion = 12.0.30501.0
MinimumVisualStudioVersion = 10.0.40219.1
Project("{FAE04EC0-301F-11D3-BF4B-00C04F79EFBC}") = "BotnetWebSocket.Server", "BotnetWebSocket.Server\BotnetWebSocket.Server.csproj", "{C4556A37-5546-43F3-BA26-732F0166DAD0}"
EndProject
Project("{E24C65DC-7377-472B-9ABA-BC803B73C61A}") = "BotnetWebSocket.Client", "http://localhost:3485", "{B16E28F1-8C0E-4839-B5A7-1FF0C3A07E80}"
	ProjectSection(WebsiteProperties) = preProject
		UseIISExpress = "true"
		TargetFrameworkMoniker = ".NETFramework,Version%3Dv4.0"
		Debug.AspNetCompiler.VirtualPath = "/localhost_3485"
		Debug.AspNetCompiler.PhysicalPath = "BotnetWebSocket.Client\"
		Debug.AspNetCompiler.TargetPath = "PrecompiledWeb\localhost_3485\"
		Debug.AspNetCompiler.Updateable = "true"
		Debug.AspNetCompiler.ForceOverwrite = "true"
		Debug.AspNetCompiler.FixedNames = "false"
		Debug.AspNetCompiler.Debug = "True"
		Release.AspNetCompiler.VirtualPath = "/localhost_3485"
		Release.AspNetCompiler.PhysicalPath = "BotnetWebSocket.Client\"
		Release.AspNetCompiler.TargetPath = "PrecompiledWeb\localhost_3485\"
		Release.AspNetCompiler.Updateable = "true"
		Release.AspNetCompiler.ForceOverwrite = "true"
		Release.AspNetCompiler.FixedNames = "false"
		Release.AspNetCompiler.Debug = "False"
		SlnRelativePath = "BotnetWebSocket.Client\"
	EndProjectSection
EndProject
Global
	GlobalSection(SolutionConfigurationPlatforms) = preSolution
		Debug|Any CPU = Debug|Any CPU
		Release|Any CPU = Release|Any CPU
	EndGlobalSection
	GlobalSection(ProjectConfigurationPlatforms) = postSolution
		{C4556A37-5546-43F3-BA26-732F0166DAD0}.Debug|Any CPU.ActiveCfg = Debug|Any CPU
		{C4556A37-5546-43F3-BA26-732F0166DAD0}.Debug|Any CPU.Build.0 = Debug|Any CPU
		{C4556A37-5546-43F3-BA26-732F0166DAD0}.Release|Any CPU.ActiveCfg = Release|Any CPU
		{C4556A37-5546-43F3-BA26-732F0166DAD0}.Release|Any CPU.Build.0 = Release|Any CPU
		{B16E28F1-8C0E-4839-B5A7-1FF0C3A07E80}.Debug|Any CPU.ActiveCfg = Debug|Any CPU
		{B16E28F1-8C0E-4839-B5A7-1FF0C3A07E80}.Debug|Any CPU.Build.0 = Debug|Any CPU
		{B16E28F1-8C0E-4839-B5A7-1FF0C3A07E80}.Release|Any CPU.ActiveCfg = Debug|Any CPU
		{B16E28F1-8C0E-4839-B5A7-1FF0C3A07E80}.Release|Any CPU.Build.0 = Debug|Any CPU
	EndGlobalSection
	GlobalSection(SolutionProperties) = preSolution
		HideSolutionNode = FALSE
	EndGlobalSection
EndGlobal
